
Microsoft Visual Studio Solution File, Format Version 12.00
# Visual Studio Version 16
VisualStudioVersion = 16.0.32929.386
MinimumVisualStudioVersion = 10.0.40219.1
Project("{FAE04EC0-301F-11D3-BF4B-00C04F79EFBC}") = "MyMessenger_Stepik", "MyMessenger_Stepik.csproj", "{4DD72022-8002-4E6A-A814-31FEB305794C}"
EndProject
Global
	GlobalSection(SolutionConfigurationPlatforms) = preSolution
		Debug|Any CPU = Debug|Any CPU
		Release|Any CPU = Release|Any CPU
	EndGlobalSection
	GlobalSection(ProjectConfigurationPlatforms) = postSolution
		{4DD72022-8002-4E6A-A814-31FEB305794C}.Debug|Any CPU.ActiveCfg = Debug|Any CPU
		{4DD72022-8002-4E6A-A814-31FEB305794C}.Debug|Any CPU.Build.0 = Debug|Any CPU
		{4DD72022-8002-4E6A-A814-31FEB305794C}.Release|Any CPU.ActiveCfg = Release|Any CPU
		{4DD72022-8002-4E6A-A814-31FEB305794C}.Release|Any CPU.Build.0 = Release|Any CPU
	EndGlobalSection
	GlobalSection(SolutionProperties) = preSolution
		HideSolutionNode = FALSE
	EndGlobalSection
	GlobalSection(ExtensibilityGlobals) = postSolution
		SolutionGuid = {F505C6F7-4F8F-41EE-A87D-508139C38E64}
	EndGlobalSection
EndGlobal
